<?xml version="1.0" encoding="utf-8"?>
<Project ToolsVersion="4.0" xmlns="http://schemas.microsoft.com/developer/msbuild/2003">
  <ItemGroup>
    <Filter Include="Source Files">
      <UniqueIdentifier>{4FC737F1-C7A5-4376-A066-2A32D752A2FF}</UniqueIdentifier>
      <Extensions>cpp;c;cc;cxx;c++;cppm;ixx;def;odl;idl;hpj;bat;asm;asmx</Extensions>
    </Filter>
    <Filter Include="Header Files">
      <UniqueIdentifier>{93995380-89BD-4b04-88EB-625FBE52EBFB}</UniqueIdentifier>
      <Extensions>h;hh;hpp;hxx;h++;hm;inl;inc;ipp;xsd</Extensions>
    </Filter>
    <Filter Include="Resource Files">
      <UniqueIdentifier>{67DA6AB6-F800-4c08-8B7A-83BB121AAD01}</UniqueIdentifier>
      <Extensions>rc;ico;cur;bmp;dlg;rc2;rct;bin;rgs;gif;jpg;jpeg;jpe;resx;tiff;tif;png;wav;mfcribbon-ms</Extensions>
    </Filter>
    <Filter Include="StaticVector">
      <UniqueIdentifier>{943bb309-f2fd-4ac3-9201-1c4d66cb0343}</UniqueIdentifier>
    </Filter>
    <Filter Include="StaticQueue">
      <UniqueIdentifier>{9b40b21d-f3ba-49cc-beaa-f15e1ab3683c}</UniqueIdentifier>
    </Filter>
    <Filter Include="LinkedList">
      <UniqueIdentifier>{a410dad7-4b3e-4bef-81f0-fc15c6ab50b3}</UniqueIdentifier>
    </Filter>
  </ItemGroup>
  <ItemGroup>
    <ClCompile Include="main.cpp">
      <Filter>Source Files</Filter>
    </ClCompile>
    <ClCompile Include="StaticVector.cpp">
      <Filter>StaticVector</Filter>
    </ClCompile>
    <ClCompile Include="StaticQueue.cpp">
      <Filter>StaticQueue</Filter>
    </ClCompile>
    <ClCompile Include="LinkedList.cpp">
      <Filter>LinkedList</Filter>
    </ClCompile>
  </ItemGroup>
  <ItemGroup>
    <ClInclude Include="StaticVector.h">
      <Filter>StaticVector</Filter>
    </ClInclude>
    <ClInclude Include="StaticQueue.h">
      <Filter>StaticQueue</Filter>
    </ClInclude>
    <ClInclude Include="LinkedList.h">
      <Filter>LinkedList</Filter>
    </ClInclude>
  </ItemGroup>
  <ItemGroup>
    <None Include="CodeCoverage.runsettings" />
  </ItemGroup>
</Project>